
Microsoft Visual Studio Solution File, Format Version 12.00
# Visual Studio Version 16
VisualStudioVersion = 16.0.28922.388
MinimumVisualStudioVersion = 10.0.40219.1
Project("{FAE04EC0-301F-11D3-BF4B-00C04F79EFBC}") = "EventoAliExpress", "EventoAliExpress.csproj", "{FD484989-EAF5-45A8-A0F7-26C9A7F4F967}"
EndProject
Global
	GlobalSection(SolutionConfigurationPlatforms) = preSolution
		Debug|Any CPU = Debug|Any CPU
		Release|Any CPU = Release|Any CPU
	EndGlobalSection
	GlobalSection(ProjectConfigurationPlatforms) = postSolution
		{FD484989-EAF5-45A8-A0F7-26C9A7F4F967}.Debug|Any CPU.ActiveCfg = Debug|Any CPU
		{FD484989-EAF5-45A8-A0F7-26C9A7F4F967}.Debug|Any CPU.Build.0 = Debug|Any CPU
		{FD484989-EAF5-45A8-A0F7-26C9A7F4F967}.Release|Any CPU.ActiveCfg = Release|Any CPU
		{FD484989-EAF5-45A8-A0F7-26C9A7F4F967}.Release|Any CPU.Build.0 = Release|Any CPU
	EndGlobalSection
	GlobalSection(SolutionProperties) = preSolution
		HideSolutionNode = FALSE
	EndGlobalSection
	GlobalSection(ExtensibilityGlobals) = postSolution
		SolutionGuid = {E4D6E9C6-CA93-4262-B63D-B6A85E356865}
	EndGlobalSection
EndGlobal
